// !$*UTF8*$!
{
	archiveVersion = 1;
	classes = {
	};
	objectVersion = 56;
	objects = {

/* Begin PBXBuildFile section */
		5ADCDBD42C1EE66100230E74 /* GMScrollChatChoseController.swift in Sources */ = {isa = PBXBuildFile; fileRef = 5ADCDBD32C1EE66100230E74 /* GMScrollChatChoseController.swift */; };
		5ADCDBD62C1EE86400230E74 /* GMScrollChatTwoController.swift in Sources */ = {isa = PBXBuildFile; fileRef = 5ADCDBD52C1EE86400230E74 /* GMScrollChatTwoController.swift */; };
		ABEA07EB2C119DE4007803B0 /* AppDelegate.swift in Sources */ = {isa = PBXBuildFile; fileRef = ABEA07EA2C119DE4007803B0 /* AppDelegate.swift */; };
		ABEA07F42C119DE5007803B0 /* Assets.xcassets in Resources */ = {isa = PBXBuildFile; fileRef = ABEA07F32C119DE5007803B0 /* Assets.xcassets */; };
		ABEA07F72C119DE5007803B0 /* Base in Resources */ = {isa = PBXBuildFile; fileRef = ABEA07F62C119DE5007803B0 /* Base */; };
		ABEA082D2C11AB1B007803B0 /* GMTextFieldExt.swift in Sources */ = {isa = PBXBuildFile; fileRef = ABEA08212C11AB1A007803B0 /* GMTextFieldExt.swift */; };
		ABEA082E2C11AB1B007803B0 /* GMButtonExt.swift in Sources */ = {isa = PBXBuildFile; fileRef = ABEA08222C11AB1A007803B0 /* GMButtonExt.swift */; };
		ABEA082F2C11AB1B007803B0 /* GMControlExt.swift in Sources */ = {isa = PBXBuildFile; fileRef = ABEA08232C11AB1A007803B0 /* GMControlExt.swift */; };
		ABEA08302C11AB1B007803B0 /* GMViewControllerExt.swift in Sources */ = {isa = PBXBuildFile; fileRef = ABEA08242C11AB1A007803B0 /* GMViewControllerExt.swift */; };
		ABEA08312C11AB1B007803B0 /* GMColorExt.swift in Sources */ = {isa = PBXBuildFile; fileRef = ABEA08252C11AB1A007803B0 /* GMColorExt.swift */; };
		ABEA08322C11AB1B007803B0 /* GMImageExt.swift in Sources */ = {isa = PBXBuildFile; fileRef = ABEA08262C11AB1A007803B0 /* GMImageExt.swift */; };
		ABEA08332C11AB1B007803B0 /* GMTextViewExt.swift in Sources */ = {isa = PBXBuildFile; fileRef = ABEA08272C11AB1B007803B0 /* GMTextViewExt.swift */; };
		ABEA08342C11AB1B007803B0 /* GMStringExt.swift in Sources */ = {isa = PBXBuildFile; fileRef = ABEA08282C11AB1B007803B0 /* GMStringExt.swift */; };
		ABEA08352C11AB1B007803B0 /* GMDataExt.swift in Sources */ = {isa = PBXBuildFile; fileRef = ABEA08292C11AB1B007803B0 /* GMDataExt.swift */; };
		ABEA08362C11AB1B007803B0 /* GMViewExt.swift in Sources */ = {isa = PBXBuildFile; fileRef = ABEA082A2C11AB1B007803B0 /* GMViewExt.swift */; };
		ABEA08372C11AB1B007803B0 /* GMCountDownExt.swift in Sources */ = {isa = PBXBuildFile; fileRef = ABEA082B2C11AB1B007803B0 /* GMCountDownExt.swift */; };
		ABEA08382C11AB1B007803B0 /* GMNavigationExt.swift in Sources */ = {isa = PBXBuildFile; fileRef = ABEA082C2C11AB1B007803B0 /* GMNavigationExt.swift */; };
		ABEA08482C11AB40007803B0 /* GMStorageManager.swift in Sources */ = {isa = PBXBuildFile; fileRef = ABEA08392C11AB3F007803B0 /* GMStorageManager.swift */; };
		ABEA08492C11AB40007803B0 /* GMAPIManager.swift in Sources */ = {isa = PBXBuildFile; fileRef = ABEA083C2C11AB40007803B0 /* GMAPIManager.swift */; };
		ABEA084C2C11AB40007803B0 /* GMHttpUrl.swift in Sources */ = {isa = PBXBuildFile; fileRef = ABEA083F2C11AB40007803B0 /* GMHttpUrl.swift */; };
		ABEA084E2C11AB40007803B0 /* GMReachability.swift in Sources */ = {isa = PBXBuildFile; fileRef = ABEA08412C11AB40007803B0 /* GMReachability.swift */; };
		ABEA084F2C11AB40007803B0 /* GMUserController.swift in Sources */ = {isa = PBXBuildFile; fileRef = ABEA08422C11AB40007803B0 /* GMUserController.swift */; };
		ABEA08502C11AB40007803B0 /* GMAlertController.swift in Sources */ = {isa = PBXBuildFile; fileRef = ABEA08442C11AB40007803B0 /* GMAlertController.swift */; };
		ABEA08512C11AB40007803B0 /* GMProgressHUD.swift in Sources */ = {isa = PBXBuildFile; fileRef = ABEA08462C11AB40007803B0 /* GMProgressHUD.swift */; };
		ABEA085C2C11AB46007803B0 /* GMBaseWebViewController.swift in Sources */ = {isa = PBXBuildFile; fileRef = ABEA08522C11AB46007803B0 /* GMBaseWebViewController.swift */; };
		ABEA085D2C11AB46007803B0 /* GMBaseNavigationController.swift in Sources */ = {isa = PBXBuildFile; fileRef = ABEA08542C11AB46007803B0 /* GMBaseNavigationController.swift */; };
		ABEA085E2C11AB46007803B0 /* GMBaseTableView.swift in Sources */ = {isa = PBXBuildFile; fileRef = ABEA08562C11AB46007803B0 /* GMBaseTableView.swift */; };
		ABEA085F2C11AB46007803B0 /* GMBaseLocalHTMLController.swift in Sources */ = {isa = PBXBuildFile; fileRef = ABEA08582C11AB46007803B0 /* GMBaseLocalHTMLController.swift */; };
		ABEA08602C11AB46007803B0 /* GMBaseViewController.swift in Sources */ = {isa = PBXBuildFile; fileRef = ABEA085A2C11AB46007803B0 /* GMBaseViewController.swift */; };
		ABEA08672C11AB57007803B0 /* GMGlobal.swift in Sources */ = {isa = PBXBuildFile; fileRef = ABEA08622C11AB57007803B0 /* GMGlobal.swift */; };
		ABEA086D2C11AC6B007803B0 /* GMLoginController.swift in Sources */ = {isa = PBXBuildFile; fileRef = ABEA086C2C11AC6B007803B0 /* GMLoginController.swift */; };
		ABEA086F2C11AC7E007803B0 /* GMMineController.swift in Sources */ = {isa = PBXBuildFile; fileRef = ABEA086E2C11AC7E007803B0 /* GMMineController.swift */; };
		ABEA08742C11ACBB007803B0 /* GMTabBarController.swift in Sources */ = {isa = PBXBuildFile; fileRef = ABEA08722C11ACBB007803B0 /* GMTabBarController.swift */; };
		ABEA08752C11ACBB007803B0 /* GMTabBar.swift in Sources */ = {isa = PBXBuildFile; fileRef = ABEA08732C11ACBB007803B0 /* GMTabBar.swift */; };
		ABEA08772C11AD03007803B0 /* GMDetailsController.swift in Sources */ = {isa = PBXBuildFile; fileRef = ABEA08762C11AD03007803B0 /* GMDetailsController.swift */; };
		ABEA08872C11B96B007803B0 /* GMChatController.swift in Sources */ = {isa = PBXBuildFile; fileRef = ABEA08792C11B96B007803B0 /* GMChatController.swift */; };
		ABEA08882C11B96B007803B0 /* GMMessageController.swift in Sources */ = {isa = PBXBuildFile; fileRef = ABEA087A2C11B96B007803B0 /* GMMessageController.swift */; };
		ABEA08892C11B96B007803B0 /* GMChatModel.swift in Sources */ = {isa = PBXBuildFile; fileRef = ABEA087C2C11B96B007803B0 /* GMChatModel.swift */; };
		ABEA088A2C11B96B007803B0 /* GMChatCell.swift in Sources */ = {isa = PBXBuildFile; fileRef = ABEA087E2C11B96B007803B0 /* GMChatCell.swift */; };
		ABEA088B2C11B96B007803B0 /* GMChatCell.xib in Resources */ = {isa = PBXBuildFile; fileRef = ABEA087F2C11B96B007803B0 /* GMChatCell.xib */; };
		ABEA088C2C11B96B007803B0 /* GMChatSendView.swift in Sources */ = {isa = PBXBuildFile; fileRef = ABEA08802C11B96B007803B0 /* GMChatSendView.swift */; };
		ABEA088D2C11B96B007803B0 /* GMChatSendView.xib in Resources */ = {isa = PBXBuildFile; fileRef = ABEA08812C11B96B007803B0 /* GMChatSendView.xib */; };
		ABEA088E2C11B96B007803B0 /* GMMessageListCell.swift in Sources */ = {isa = PBXBuildFile; fileRef = ABEA08822C11B96B007803B0 /* GMMessageListCell.swift */; };
		ABEA088F2C11B96B007803B0 /* GMMessageListCell.xib in Resources */ = {isa = PBXBuildFile; fileRef = ABEA08832C11B96B007803B0 /* GMMessageListCell.xib */; };
		ABEA08922C11BCB4007803B0 /* GMHomeCell.xib in Resources */ = {isa = PBXBuildFile; fileRef = ABEA08912C11BCB4007803B0 /* GMHomeCell.xib */; };
		ABEA08932C11BCB4007803B0 /* GMHomeCell.swift in Sources */ = {isa = PBXBuildFile; fileRef = ABEA08902C11BCB4007803B0 /* GMHomeCell.swift */; };
		ABEA08952C11BEB3007803B0 /* GMHomeModel.swift in Sources */ = {isa = PBXBuildFile; fileRef = ABEA08942C11BEB3007803B0 /* GMHomeModel.swift */; };
		ABEA08972C12FCCD007803B0 /* GMHomeController.swift in Sources */ = {isa = PBXBuildFile; fileRef = ABEA08962C12FCCD007803B0 /* GMHomeController.swift */; };
		ABEA089E2C1306C4007803B0 /* GMWebSocketManager.swift in Sources */ = {isa = PBXBuildFile; fileRef = ABEA089D2C1306C4007803B0 /* GMWebSocketManager.swift */; };
		ABF0A9272C1AD1250088A8DD /* GMScrollChatOneController.swift in Sources */ = {isa = PBXBuildFile; fileRef = ABF0A9262C1AD1250088A8DD /* GMScrollChatOneController.swift */; };
		ABF0A92A2C1AD1DC0088A8DD /* GMScrollChatCell.swift in Sources */ = {isa = PBXBuildFile; fileRef = ABF0A9282C1AD1DC0088A8DD /* GMScrollChatCell.swift */; };
		ABF0A92B2C1AD1DC0088A8DD /* GMScrollChatCell.xib in Resources */ = {isa = PBXBuildFile; fileRef = ABF0A9292C1AD1DC0088A8DD /* GMScrollChatCell.xib */; };
		ABF0A92D2C1AD33D0088A8DD /* GMScrollChatModel.swift in Sources */ = {isa = PBXBuildFile; fileRef = ABF0A92C2C1AD33D0088A8DD /* GMScrollChatModel.swift */; };
		ABF0A95F2C1C2D0C0088A8DD /* GMAgreementController.swift in Sources */ = {isa = PBXBuildFile; fileRef = ABF0A95E2C1C2D0C0088A8DD /* GMAgreementController.swift */; };
		ABF0A9632C1C2D6A0088A8DD /* select.png in Resources */ = {isa = PBXBuildFile; fileRef = ABF0A9612C1C2D6A0088A8DD /* select.png */; };
		ABF0A9642C1C2D6A0088A8DD /* unselect.png in Resources */ = {isa = PBXBuildFile; fileRef = ABF0A9622C1C2D6A0088A8DD /* unselect.png */; };
		ABF0A96A2C1C34050088A8DD /* 会员等级.png in Resources */ = {isa = PBXBuildFile; fileRef = ABF0A9662C1C34050088A8DD /* 会员等级.png */; };
		ABF0A96B2C1C34050088A8DD /* 皇冠.png in Resources */ = {isa = PBXBuildFile; fileRef = ABF0A9672C1C34050088A8DD /* 皇冠.png */; };
		ABF0A96C2C1C34050088A8DD /* tipvip.png in Resources */ = {isa = PBXBuildFile; fileRef = ABF0A9682C1C34050088A8DD /* tipvip.png */; };
		ABF0A96D2C1C34050088A8DD /* 高兴表情.png in Resources */ = {isa = PBXBuildFile; fileRef = ABF0A9692C1C34050088A8DD /* 高兴表情.png */; };
		ABF0A96F2C1C45840088A8DD /* GMChatOneTableView.swift in Sources */ = {isa = PBXBuildFile; fileRef = ABF0A96E2C1C45840088A8DD /* GMChatOneTableView.swift */; };
		ABF0A9712C1FE9D40088A8DD /* GMChatTwoTableView.swift in Sources */ = {isa = PBXBuildFile; fileRef = ABF0A9702C1FE9D30088A8DD /* GMChatTwoTableView.swift */; };
		ABF0A9732C1FEBBA0088A8DD /* GMScrollChatThreeController.swift in Sources */ = {isa = PBXBuildFile; fileRef = ABF0A9722C1FEBBA0088A8DD /* GMScrollChatThreeController.swift */; };
		ABF0A9752C1FEBD70088A8DD /* GMChatThreeTableView.swift in Sources */ = {isa = PBXBuildFile; fileRef = ABF0A9742C1FEBD70088A8DD /* GMChatThreeTableView.swift */; };
		ABF0A97F2C204E800088A8DD /* GMClearScreenController.swift in Sources */ = {isa = PBXBuildFile; fileRef = ABF0A97E2C204E800088A8DD /* GMClearScreenController.swift */; };
		E1DD1BC7CC1398032FC75D22 /* Pods_GMKit.framework in Frameworks */ = {isa = PBXBuildFile; fileRef = C47D880714DCF1C44EDD97AF /* Pods_GMKit.framework */; };
/* End PBXBuildFile section */

/* Begin PBXFileReference section */
		5ADCDBD32C1EE66100230E74 /* GMScrollChatChoseController.swift */ = {isa = PBXFileReference; lastKnownFileType = sourcecode.swift; path = GMScrollChatChoseController.swift; sourceTree = "<group>"; };
		5ADCDBD52C1EE86400230E74 /* GMScrollChatTwoController.swift */ = {isa = PBXFileReference; fileEncoding = 4; lastKnownFileType = sourcecode.swift; path = GMScrollChatTwoController.swift; sourceTree = "<group>"; };
		71BA121CC1FD1657A548D1C4 /* Pods-GMKit.debug.xcconfig */ = {isa = PBXFileReference; includeInIndex = 1; lastKnownFileType = text.xcconfig; name = "Pods-GMKit.debug.xcconfig"; path = "Target Support Files/Pods-GMKit/Pods-GMKit.debug.xcconfig"; sourceTree = "<group>"; };
		795769CB755CB6489F5FE451 /* Pods-GMKit.release.xcconfig */ = {isa = PBXFileReference; includeInIndex = 1; lastKnownFileType = text.xcconfig; name = "Pods-GMKit.release.xcconfig"; path = "Target Support Files/Pods-GMKit/Pods-GMKit.release.xcconfig"; sourceTree = "<group>"; };
		ABEA07E72C119DE4007803B0 /* GMKit.app */ = {isa = PBXFileReference; explicitFileType = wrapper.application; includeInIndex = 0; path = GMKit.app; sourceTree = BUILT_PRODUCTS_DIR; };
		ABEA07EA2C119DE4007803B0 /* AppDelegate.swift */ = {isa = PBXFileReference; lastKnownFileType = sourcecode.swift; path = AppDelegate.swift; sourceTree = "<group>"; };
		ABEA07F32C119DE5007803B0 /* Assets.xcassets */ = {isa = PBXFileReference; lastKnownFileType = folder.assetcatalog; path = Assets.xcassets; sourceTree = "<group>"; };
		ABEA07F62C119DE5007803B0 /* Base */ = {isa = PBXFileReference; lastKnownFileType = file.storyboard; name = Base; path = Base.lproj/LaunchScreen.storyboard; sourceTree = "<group>"; };
		ABEA07F82C119DE5007803B0 /* Info.plist */ = {isa = PBXFileReference; lastKnownFileType = text.plist.xml; path = Info.plist; sourceTree = "<group>"; };
		ABEA08212C11AB1A007803B0 /* GMTextFieldExt.swift */ = {isa = PBXFileReference; fileEncoding = 4; lastKnownFileType = sourcecode.swift; path = GMTextFieldExt.swift; sourceTree = "<group>"; };
		ABEA08222C11AB1A007803B0 /* GMButtonExt.swift */ = {isa = PBXFileReference; fileEncoding = 4; lastKnownFileType = sourcecode.swift; path = GMButtonExt.swift; sourceTree = "<group>"; };
		ABEA08232C11AB1A007803B0 /* GMControlExt.swift */ = {isa = PBXFileReference; fileEncoding = 4; lastKnownFileType = sourcecode.swift; path = GMControlExt.swift; sourceTree = "<group>"; };
		ABEA08242C11AB1A007803B0 /* GMViewControllerExt.swift */ = {isa = PBXFileReference; fileEncoding = 4; lastKnownFileType = sourcecode.swift; path = GMViewControllerExt.swift; sourceTree = "<group>"; };
		ABEA08252C11AB1A007803B0 /* GMColorExt.swift */ = {isa = PBXFileReference; fileEncoding = 4; lastKnownFileType = sourcecode.swift; path = GMColorExt.swift; sourceTree = "<group>"; };
		ABEA08262C11AB1A007803B0 /* GMImageExt.swift */ = {isa = PBXFileReference; fileEncoding = 4; lastKnownFileType = sourcecode.swift; path = GMImageExt.swift; sourceTree = "<group>"; };
		ABEA08272C11AB1B007803B0 /* GMTextViewExt.swift */ = {isa = PBXFileReference; fileEncoding = 4; lastKnownFileType = sourcecode.swift; path = GMTextViewExt.swift; sourceTree = "<group>"; };
		ABEA08282C11AB1B007803B0 /* GMStringExt.swift */ = {isa = PBXFileReference; fileEncoding = 4; lastKnownFileType = sourcecode.swift; path = GMStringExt.swift; sourceTree = "<group>"; };
		ABEA08292C11AB1B007803B0 /* GMDataExt.swift */ = {isa = PBXFileReference; fileEncoding = 4; lastKnownFileType = sourcecode.swift; path = GMDataExt.swift; sourceTree = "<group>"; };
		ABEA082A2C11AB1B007803B0 /* GMViewExt.swift */ = {isa = PBXFileReference; fileEncoding = 4; lastKnownFileType = sourcecode.swift; path = GMViewExt.swift; sourceTree = "<group>"; };
		ABEA082B2C11AB1B007803B0 /* GMCountDownExt.swift */ = {isa = PBXFileReference; fileEncoding = 4; lastKnownFileType = sourcecode.swift; path = GMCountDownExt.swift; sourceTree = "<group>"; };
		ABEA082C2C11AB1B007803B0 /* GMNavigationExt.swift */ = {isa = PBXFileReference; fileEncoding = 4; lastKnownFileType = sourcecode.swift; path = GMNavigationExt.swift; sourceTree = "<group>"; };
		ABEA08392C11AB3F007803B0 /* GMStorageManager.swift */ = {isa = PBXFileReference; fileEncoding = 4; lastKnownFileType = sourcecode.swift; path = GMStorageManager.swift; sourceTree = "<group>"; };
		ABEA083C2C11AB40007803B0 /* GMAPIManager.swift */ = {isa = PBXFileReference; fileEncoding = 4; lastKnownFileType = sourcecode.swift; path = GMAPIManager.swift; sourceTree = "<group>"; };
		ABEA083F2C11AB40007803B0 /* GMHttpUrl.swift */ = {isa = PBXFileReference; fileEncoding = 4; lastKnownFileType = sourcecode.swift; path = GMHttpUrl.swift; sourceTree = "<group>"; };
		ABEA08412C11AB40007803B0 /* GMReachability.swift */ = {isa = PBXFileReference; fileEncoding = 4; lastKnownFileType = sourcecode.swift; path = GMReachability.swift; sourceTree = "<group>"; };
		ABEA08422C11AB40007803B0 /* GMUserController.swift */ = {isa = PBXFileReference; fileEncoding = 4; lastKnownFileType = sourcecode.swift; path = GMUserController.swift; sourceTree = "<group>"; };
		ABEA08442C11AB40007803B0 /* GMAlertController.swift */ = {isa = PBXFileReference; fileEncoding = 4; lastKnownFileType = sourcecode.swift; path = GMAlertController.swift; sourceTree = "<group>"; };
		ABEA08462C11AB40007803B0 /* GMProgressHUD.swift */ = {isa = PBXFileReference; fileEncoding = 4; lastKnownFileType = sourcecode.swift; path = GMProgressHUD.swift; sourceTree = "<group>"; };
		ABEA08522C11AB46007803B0 /* GMBaseWebViewController.swift */ = {isa = PBXFileReference; fileEncoding = 4; lastKnownFileType = sourcecode.swift; path = GMBaseWebViewController.swift; sourceTree = "<group>"; };
		ABEA08542C11AB46007803B0 /* GMBaseNavigationController.swift */ = {isa = PBXFileReference; fileEncoding = 4; lastKnownFileType = sourcecode.swift; path = GMBaseNavigationController.swift; sourceTree = "<group>"; };
		ABEA08562C11AB46007803B0 /* GMBaseTableView.swift */ = {isa = PBXFileReference; fileEncoding = 4; lastKnownFileType = sourcecode.swift; path = GMBaseTableView.swift; sourceTree = "<group>"; };
		ABEA08582C11AB46007803B0 /* GMBaseLocalHTMLController.swift */ = {isa = PBXFileReference; fileEncoding = 4; lastKnownFileType = sourcecode.swift; path = GMBaseLocalHTMLController.swift; sourceTree = "<group>"; };
		ABEA085A2C11AB46007803B0 /* GMBaseViewController.swift */ = {isa = PBXFileReference; fileEncoding = 4; lastKnownFileType = sourcecode.swift; path = GMBaseViewController.swift; sourceTree = "<group>"; };
		ABEA08622C11AB57007803B0 /* GMGlobal.swift */ = {isa = PBXFileReference; fileEncoding = 4; lastKnownFileType = sourcecode.swift; path = GMGlobal.swift; sourceTree = "<group>"; };
		ABEA086C2C11AC6B007803B0 /* GMLoginController.swift */ = {isa = PBXFileReference; lastKnownFileType = sourcecode.swift; path = GMLoginController.swift; sourceTree = "<group>"; };
		ABEA086E2C11AC7E007803B0 /* GMMineController.swift */ = {isa = PBXFileReference; lastKnownFileType = sourcecode.swift; path = GMMineController.swift; sourceTree = "<group>"; };
		ABEA08722C11ACBB007803B0 /* GMTabBarController.swift */ = {isa = PBXFileReference; fileEncoding = 4; lastKnownFileType = sourcecode.swift; path = GMTabBarController.swift; sourceTree = "<group>"; };
		ABEA08732C11ACBB007803B0 /* GMTabBar.swift */ = {isa = PBXFileReference; fileEncoding = 4; lastKnownFileType = sourcecode.swift; path = GMTabBar.swift; sourceTree = "<group>"; };
		ABEA08762C11AD03007803B0 /* GMDetailsController.swift */ = {isa = PBXFileReference; lastKnownFileType = sourcecode.swift; path = GMDetailsController.swift; sourceTree = "<group>"; };
		ABEA08782C11B06E007803B0 /* GMkit-Header.h */ = {isa = PBXFileReference; lastKnownFileType = sourcecode.c.h; path = "GMkit-Header.h"; sourceTree = "<group>"; };
		ABEA08792C11B96B007803B0 /* GMChatController.swift */ = {isa = PBXFileReference; fileEncoding = 4; lastKnownFileType = sourcecode.swift; path = GMChatController.swift; sourceTree = "<group>"; };
		ABEA087A2C11B96B007803B0 /* GMMessageController.swift */ = {isa = PBXFileReference; fileEncoding = 4; lastKnownFileType = sourcecode.swift; path = GMMessageController.swift; sourceTree = "<group>"; };
		ABEA087C2C11B96B007803B0 /* GMChatModel.swift */ = {isa = PBXFileReference; fileEncoding = 4; lastKnownFileType = sourcecode.swift; path = GMChatModel.swift; sourceTree = "<group>"; };
		ABEA087E2C11B96B007803B0 /* GMChatCell.swift */ = {isa = PBXFileReference; fileEncoding = 4; lastKnownFileType = sourcecode.swift; path = GMChatCell.swift; sourceTree = "<group>"; };
		ABEA087F2C11B96B007803B0 /* GMChatCell.xib */ = {isa = PBXFileReference; fileEncoding = 4; lastKnownFileType = file.xib; path = GMChatCell.xib; sourceTree = "<group>"; };
		ABEA08802C11B96B007803B0 /* GMChatSendView.swift */ = {isa = PBXFileReference; fileEncoding = 4; lastKnownFileType = sourcecode.swift; path = GMChatSendView.swift; sourceTree = "<group>"; };
		ABEA08812C11B96B007803B0 /* GMChatSendView.xib */ = {isa = PBXFileReference; fileEncoding = 4; lastKnownFileType = file.xib; path = GMChatSendView.xib; sourceTree = "<group>"; };
		ABEA08822C11B96B007803B0 /* GMMessageListCell.swift */ = {isa = PBXFileReference; fileEncoding = 4; lastKnownFileType = sourcecode.swift; path = GMMessageListCell.swift; sourceTree = "<group>"; };
		ABEA08832C11B96B007803B0 /* GMMessageListCell.xib */ = {isa = PBXFileReference; fileEncoding = 4; lastKnownFileType = file.xib; path = GMMessageListCell.xib; sourceTree = "<group>"; };
		ABEA08902C11BCB4007803B0 /* GMHomeCell.swift */ = {isa = PBXFileReference; lastKnownFileType = sourcecode.swift; path = GMHomeCell.swift; sourceTree = "<group>"; };
		ABEA08912C11BCB4007803B0 /* GMHomeCell.xib */ = {isa = PBXFileReference; lastKnownFileType = file.xib; path = GMHomeCell.xib; sourceTree = "<group>"; };
		ABEA08942C11BEB3007803B0 /* GMHomeModel.swift */ = {isa = PBXFileReference; lastKnownFileType = sourcecode.swift; path = GMHomeModel.swift; sourceTree = "<group>"; };
		ABEA08962C12FCCD007803B0 /* GMHomeController.swift */ = {isa = PBXFileReference; fileEncoding = 4; lastKnownFileType = sourcecode.swift; path = GMHomeController.swift; sourceTree = "<group>"; };
		ABEA089D2C1306C4007803B0 /* GMWebSocketManager.swift */ = {isa = PBXFileReference; lastKnownFileType = sourcecode.swift; path = GMWebSocketManager.swift; sourceTree = "<group>"; };
		ABF0A9262C1AD1250088A8DD /* GMScrollChatOneController.swift */ = {isa = PBXFileReference; lastKnownFileType = sourcecode.swift; path = GMScrollChatOneController.swift; sourceTree = "<group>"; };
		ABF0A9282C1AD1DC0088A8DD /* GMScrollChatCell.swift */ = {isa = PBXFileReference; lastKnownFileType = sourcecode.swift; path = GMScrollChatCell.swift; sourceTree = "<group>"; };
		ABF0A9292C1AD1DC0088A8DD /* GMScrollChatCell.xib */ = {isa = PBXFileReference; lastKnownFileType = file.xib; path = GMScrollChatCell.xib; sourceTree = "<group>"; };
		ABF0A92C2C1AD33D0088A8DD /* GMScrollChatModel.swift */ = {isa = PBXFileReference; lastKnownFileType = sourcecode.swift; path = GMScrollChatModel.swift; sourceTree = "<group>"; };
		ABF0A95E2C1C2D0C0088A8DD /* GMAgreementController.swift */ = {isa = PBXFileReference; lastKnownFileType = sourcecode.swift; path = GMAgreementController.swift; sourceTree = "<group>"; };
		ABF0A9612C1C2D6A0088A8DD /* select.png */ = {isa = PBXFileReference; lastKnownFileType = image.png; path = select.png; sourceTree = "<group>"; };
		ABF0A9622C1C2D6A0088A8DD /* unselect.png */ = {isa = PBXFileReference; lastKnownFileType = image.png; path = unselect.png; sourceTree = "<group>"; };
		ABF0A9662C1C34050088A8DD /* 会员等级.png */ = {isa = PBXFileReference; lastKnownFileType = image.png; path = "会员等级.png"; sourceTree = "<group>"; };
		ABF0A9672C1C34050088A8DD /* 皇冠.png */ = {isa = PBXFileReference; lastKnownFileType = image.png; path = "皇冠.png"; sourceTree = "<group>"; };
		ABF0A9682C1C34050088A8DD /* tipvip.png */ = {isa = PBXFileReference; lastKnownFileType = image.png; path = tipvip.png; sourceTree = "<group>"; };
		ABF0A9692C1C34050088A8DD /* 高兴表情.png */ = {isa = PBXFileReference; lastKnownFileType = image.png; path = "高兴表情.png"; sourceTree = "<group>"; };
		ABF0A96E2C1C45840088A8DD /* GMChatOneTableView.swift */ = {isa = PBXFileReference; lastKnownFileType = sourcecode.swift; path = GMChatOneTableView.swift; sourceTree = "<group>"; };
		ABF0A9702C1FE9D30088A8DD /* GMChatTwoTableView.swift */ = {isa = PBXFileReference; fileEncoding = 4; lastKnownFileType = sourcecode.swift; path = GMChatTwoTableView.swift; sourceTree = "<group>"; };
		ABF0A9722C1FEBBA0088A8DD /* GMScrollChatThreeController.swift */ = {isa = PBXFileReference; fileEncoding = 4; lastKnownFileType = sourcecode.swift; path = GMScrollChatThreeController.swift; sourceTree = "<group>"; };
		ABF0A9742C1FEBD70088A8DD /* GMChatThreeTableView.swift */ = {isa = PBXFileReference; fileEncoding = 4; lastKnownFileType = sourcecode.swift; path = GMChatThreeTableView.swift; sourceTree = "<group>"; };
		ABF0A97E2C204E800088A8DD /* GMClearScreenController.swift */ = {isa = PBXFileReference; lastKnownFileType = sourcecode.swift; path = GMClearScreenController.swift; sourceTree = "<group>"; };
		C47D880714DCF1C44EDD97AF /* Pods_GMKit.framework */ = {isa = PBXFileReference; explicitFileType = wrapper.framework; includeInIndex = 0; path = Pods_GMKit.framework; sourceTree = BUILT_PRODUCTS_DIR; };
/* End PBXFileReference section */

/* Begin PBXFrameworksBuildPhase section */
		ABEA07E42C119DE4007803B0 /* Frameworks */ = {
			isa = PBXFrameworksBuildPhase;
			buildActionMask = 2147483647;
			files = (
				E1DD1BC7CC1398032FC75D22 /* Pods_GMKit.framework in Frameworks */,
			);
			runOnlyForDeploymentPostprocessing = 0;
		};
/* End PBXFrameworksBuildPhase section */

/* Begin PBXGroup section */
		1CF52689EE1D53B0CC76E797 /* Frameworks */ = {
			isa = PBXGroup;
			children = (
				C47D880714DCF1C44EDD97AF /* Pods_GMKit.framework */,
			);
			name = Frameworks;
			sourceTree = "<group>";
		};
		2D974B65C0FE9264280947E0 /* Pods */ = {
			isa = PBXGroup;
			children = (
				71BA121CC1FD1657A548D1C4 /* Pods-GMKit.debug.xcconfig */,
				795769CB755CB6489F5FE451 /* Pods-GMKit.release.xcconfig */,
			);
			path = Pods;
			sourceTree = "<group>";
		};
		ABEA07DE2C119DE4007803B0 = {
			isa = PBXGroup;
			children = (
				ABEA07E92C119DE4007803B0 /* GMKit */,
				ABEA07E82C119DE4007803B0 /* Products */,
				2D974B65C0FE9264280947E0 /* Pods */,
				1CF52689EE1D53B0CC76E797 /* Frameworks */,
			);
			sourceTree = "<group>";
		};
		ABEA07E82C119DE4007803B0 /* Products */ = {
			isa = PBXGroup;
			children = (
				ABEA07E72C119DE4007803B0 /* GMKit.app */,
			);
			name = Products;
			sourceTree = "<group>";
		};
		ABEA07E92C119DE4007803B0 /* GMKit */ = {
			isa = PBXGroup;
			children = (
				ABEA08202C119E71007803B0 /* Supporting Files */,
				ABEA081D2C119E4F007803B0 /* AppDelegate */,
				ABEA081A2C119E4F007803B0 /* Base */,
				ABEA07FF2C119E4F007803B0 /* Category */,
				ABEA07FE2C119E4F007803B0 /* Define */,
				ABEA08192C119E4F007803B0 /* Modules */,
				ABEA081B2C119E4F007803B0 /* Rescource */,
				ABEA081E2C119E4F007803B0 /* Utils */,
			);
			path = GMKit;
			sourceTree = "<group>";
		};
		ABEA07FE2C119E4F007803B0 /* Define */ = {
			isa = PBXGroup;
			children = (
				ABEA08622C11AB57007803B0 /* GMGlobal.swift */,
				ABEA08782C11B06E007803B0 /* GMkit-Header.h */,
			);
			path = Define;
			sourceTree = SOURCE_ROOT;
		};
		ABEA07FF2C119E4F007803B0 /* Category */ = {
			isa = PBXGroup;
			children = (
				ABEA08222C11AB1A007803B0 /* GMButtonExt.swift */,
				ABEA08252C11AB1A007803B0 /* GMColorExt.swift */,
				ABEA08232C11AB1A007803B0 /* GMControlExt.swift */,
				ABEA082B2C11AB1B007803B0 /* GMCountDownExt.swift */,
				ABEA08292C11AB1B007803B0 /* GMDataExt.swift */,
				ABEA08262C11AB1A007803B0 /* GMImageExt.swift */,
				ABEA082C2C11AB1B007803B0 /* GMNavigationExt.swift */,
				ABEA08282C11AB1B007803B0 /* GMStringExt.swift */,
				ABEA08212C11AB1A007803B0 /* GMTextFieldExt.swift */,
				ABEA08272C11AB1B007803B0 /* GMTextViewExt.swift */,
				ABEA08242C11AB1A007803B0 /* GMViewControllerExt.swift */,
				ABEA082A2C11AB1B007803B0 /* GMViewExt.swift */,
			);
			path = Category;
			sourceTree = SOURCE_ROOT;
		};
		ABEA08002C119E4F007803B0 /* Controller */ = {
			isa = PBXGroup;
			children = (
				ABEA08762C11AD03007803B0 /* GMDetailsController.swift */,
			);
			path = Controller;
			sourceTree = "<group>";
		};
		ABEA08012C119E4F007803B0 /* Model */ = {
			isa = PBXGroup;
			children = (
			);
			path = Model;
			sourceTree = "<group>";
		};
		ABEA08022C119E4F007803B0 /* View */ = {
			isa = PBXGroup;
			children = (
			);
			path = View;
			sourceTree = "<group>";
		};
		ABEA08032C119E4F007803B0 /* ViewModel */ = {
			isa = PBXGroup;
			children = (
			);
			path = ViewModel;
			sourceTree = "<group>";
		};
		ABEA08042C119E4F007803B0 /* Details */ = {
			isa = PBXGroup;
			children = (
				ABEA08002C119E4F007803B0 /* Controller */,
				ABEA08012C119E4F007803B0 /* Model */,
				ABEA08022C119E4F007803B0 /* View */,
				ABEA08032C119E4F007803B0 /* ViewModel */,
			);
			path = Details;
			sourceTree = "<group>";
		};
		ABEA08052C119E4F007803B0 /* Controller */ = {
			isa = PBXGroup;
			children = (
				ABEA08962C12FCCD007803B0 /* GMHomeController.swift */,
			);
			path = Controller;
			sourceTree = "<group>";
		};
		ABEA08062C119E4F007803B0 /* Model */ = {
			isa = PBXGroup;
			children = (
				ABEA08942C11BEB3007803B0 /* GMHomeModel.swift */,
			);
			path = Model;
			sourceTree = "<group>";
		};
		ABEA08072C119E4F007803B0 /* View */ = {
			isa = PBXGroup;
			children = (
				ABEA08902C11BCB4007803B0 /* GMHomeCell.swift */,
				ABEA08912C11BCB4007803B0 /* GMHomeCell.xib */,
			);
			path = View;
			sourceTree = "<group>";
		};
		ABEA08082C119E4F007803B0 /* ViewModel */ = {
			isa = PBXGroup;
			children = (
			);
			path = ViewModel;
			sourceTree = "<group>";
		};
		ABEA08092C119E4F007803B0 /* Home */ = {
			isa = PBXGroup;
			children = (
				ABEA08052C119E4F007803B0 /* Controller */,
				ABEA08062C119E4F007803B0 /* Model */,
				ABEA08072C119E4F007803B0 /* View */,
				ABEA08082C119E4F007803B0 /* ViewModel */,
			);
			path = Home;
			sourceTree = "<group>";
		};
		ABEA080A2C119E4F007803B0 /* Controller */ = {
			isa = PBXGroup;
			children = (
				ABEA086C2C11AC6B007803B0 /* GMLoginController.swift */,
			);
			path = Controller;
			sourceTree = "<group>";
		};
		ABEA080B2C119E4F007803B0 /* Model */ = {
			isa = PBXGroup;
			children = (
			);
			path = Model;
			sourceTree = "<group>";
		};
		ABEA080C2C119E4F007803B0 /* View */ = {
			isa = PBXGroup;
			children = (
			);
			path = View;
			sourceTree = "<group>";
		};
		ABEA080D2C119E4F007803B0 /* ViewModel */ = {
			isa = PBXGroup;
			children = (
			);
			path = ViewModel;
			sourceTree = "<group>";
		};
		ABEA080E2C119E4F007803B0 /* Login */ = {
			isa = PBXGroup;
			children = (
				ABEA080A2C119E4F007803B0 /* Controller */,
				ABEA080B2C119E4F007803B0 /* Model */,
				ABEA080C2C119E4F007803B0 /* View */,
				ABEA080D2C119E4F007803B0 /* ViewModel */,
			);
			path = Login;
			sourceTree = "<group>";
		};
		ABEA080F2C119E4F007803B0 /* Controller */ = {
			isa = PBXGroup;
			children = (
				ABEA086E2C11AC7E007803B0 /* GMMineController.swift */,
			);
			path = Controller;
			sourceTree = "<group>";
		};
		ABEA08102C119E4F007803B0 /* Model */ = {
			isa = PBXGroup;
			children = (
			);
			path = Model;
			sourceTree = "<group>";
		};
		ABEA08112C119E4F007803B0 /* View */ = {
			isa = PBXGroup;
			children = (
			);
			path = View;
			sourceTree = "<group>";
		};
		ABEA08122C119E4F007803B0 /* ViewModel */ = {
			isa = PBXGroup;
			children = (
			);
			path = ViewModel;
			sourceTree = "<group>";
		};
		ABEA08132C119E4F007803B0 /* Mine */ = {
			isa = PBXGroup;
			children = (
				ABEA080F2C119E4F007803B0 /* Controller */,
				ABEA08102C119E4F007803B0 /* Model */,
				ABEA08112C119E4F007803B0 /* View */,
				ABEA08122C119E4F007803B0 /* ViewModel */,
			);
			path = Mine;
			sourceTree = "<group>";
		};
		ABEA08142C119E4F007803B0 /* Controller */ = {
			isa = PBXGroup;
			children = (
				ABEA08732C11ACBB007803B0 /* GMTabBar.swift */,
				ABEA08722C11ACBB007803B0 /* GMTabBarController.swift */,
			);
			path = Controller;
			sourceTree = "<group>";
		};
		ABEA08152C119E4F007803B0 /* Model */ = {
			isa = PBXGroup;
			children = (
			);
			path = Model;
			sourceTree = "<group>";
		};
		ABEA08162C119E4F007803B0 /* View */ = {
			isa = PBXGroup;
			children = (
			);
			path = View;
			sourceTree = "<group>";
		};
		ABEA08172C119E4F007803B0 /* ViewModel */ = {
			isa = PBXGroup;
			children = (
			);
			path = ViewModel;
			sourceTree = "<group>";
		};
		ABEA08182C119E4F007803B0 /* TabBar */ = {
			isa = PBXGroup;
			children = (
				ABEA08142C119E4F007803B0 /* Controller */,
				ABEA08152C119E4F007803B0 /* Model */,
				ABEA08162C119E4F007803B0 /* View */,
				ABEA08172C119E4F007803B0 /* ViewModel */,
			);
			path = TabBar;
			sourceTree = "<group>";
		};
		ABEA08192C119E4F007803B0 /* Modules */ = {
			isa = PBXGroup;
			children = (
				ABF0A9802C2052BE0088A8DD /* 直播间礼物面板 */,
				ABF0A97D2C204D060088A8DD /* 直播间顶部关注后自动伸缩 */,
				ABF0A97C2C204CD30088A8DD /* 直播间左右切换清屏 */,
				ABF0A97B2C204CC10088A8DD /* 多TextField为空判断 */,
				ABF0A95D2C1C2CDF0088A8DD /* 同意协议富文本 */,
				ABF0A9252C1AC8320088A8DD /* 直播间聊天列表 */,
				ABEA089C2C130698007803B0 /* Starscream */,
				ABEA08862C11B96B007803B0 /* Message */,
				ABEA08042C119E4F007803B0 /* Details */,
				ABEA08092C119E4F007803B0 /* Home */,
				ABEA080E2C119E4F007803B0 /* Login */,
				ABEA08132C119E4F007803B0 /* Mine */,
				ABEA08182C119E4F007803B0 /* TabBar */,
			);
			path = Modules;
			sourceTree = SOURCE_ROOT;
		};
		ABEA081A2C119E4F007803B0 /* Base */ = {
			isa = PBXGroup;
			children = (
				ABEA08592C11AB46007803B0 /* BaseLocalHTMLController */,
				ABEA08552C11AB46007803B0 /* BaseNavigationController */,
				ABEA08572C11AB46007803B0 /* BaseTableView */,
				ABEA085B2C11AB46007803B0 /* BaseViewController */,
				ABEA08532C11AB46007803B0 /* BaseWebViewController */,
			);
			path = Base;
			sourceTree = SOURCE_ROOT;
		};
		ABEA081B2C119E4F007803B0 /* Rescource */ = {
			isa = PBXGroup;
			children = (
			);
			path = Rescource;
			sourceTree = SOURCE_ROOT;
		};
		ABEA081D2C119E4F007803B0 /* AppDelegate */ = {
			isa = PBXGroup;
			children = (
				ABEA07EA2C119DE4007803B0 /* AppDelegate.swift */,
			);
			path = AppDelegate;
			sourceTree = SOURCE_ROOT;
		};
		ABEA081E2C119E4F007803B0 /* Utils */ = {
			isa = PBXGroup;
			children = (
				ABEA08452C11AB40007803B0 /* Alert */,
				ABEA08432C11AB40007803B0 /* NetTools */,
				ABEA08472C11AB40007803B0 /* ProgressHUD */,
				ABEA083A2C11AB3F007803B0 /* Storage */,
			);
			path = Utils;
			sourceTree = SOURCE_ROOT;
		};
		ABEA08202C119E71007803B0 /* Supporting Files */ = {
			isa = PBXGroup;
			children = (
				ABEA07F32C119DE5007803B0 /* Assets.xcassets */,
				ABEA07F52C119DE5007803B0 /* LaunchScreen.storyboard */,
				ABEA07F82C119DE5007803B0 /* Info.plist */,
			);
			path = "Supporting Files";
			sourceTree = "<group>";
		};
		ABEA083A2C11AB3F007803B0 /* Storage */ = {
			isa = PBXGroup;
			children = (
				ABEA08392C11AB3F007803B0 /* GMStorageManager.swift */,
			);
			path = Storage;
			sourceTree = "<group>";
		};
		ABEA08432C11AB40007803B0 /* NetTools */ = {
			isa = PBXGroup;
			children = (
				ABEA083C2C11AB40007803B0 /* GMAPIManager.swift */,
				ABEA083F2C11AB40007803B0 /* GMHttpUrl.swift */,
				ABEA08412C11AB40007803B0 /* GMReachability.swift */,
				ABEA08422C11AB40007803B0 /* GMUserController.swift */,
			);
			path = NetTools;
			sourceTree = "<group>";
		};
		ABEA08452C11AB40007803B0 /* Alert */ = {
			isa = PBXGroup;
			children = (
				ABEA08442C11AB40007803B0 /* GMAlertController.swift */,
			);
			path = Alert;
			sourceTree = "<group>";
		};
		ABEA08472C11AB40007803B0 /* ProgressHUD */ = {
			isa = PBXGroup;
			children = (
				ABEA08462C11AB40007803B0 /* GMProgressHUD.swift */,
			);
			path = ProgressHUD;
			sourceTree = "<group>";
		};
		ABEA08532C11AB46007803B0 /* BaseWebViewController */ = {
			isa = PBXGroup;
			children = (
				ABEA08522C11AB46007803B0 /* GMBaseWebViewController.swift */,
			);
			path = BaseWebViewController;
			sourceTree = "<group>";
		};
		ABEA08552C11AB46007803B0 /* BaseNavigationController */ = {
			isa = PBXGroup;
			children = (
				ABEA08542C11AB46007803B0 /* GMBaseNavigationController.swift */,
			);
			path = BaseNavigationController;
			sourceTree = "<group>";
		};
		ABEA08572C11AB46007803B0 /* BaseTableView */ = {
			isa = PBXGroup;
			children = (
				ABEA08562C11AB46007803B0 /* GMBaseTableView.swift */,
			);
			path = BaseTableView;
			sourceTree = "<group>";
		};
		ABEA08592C11AB46007803B0 /* BaseLocalHTMLController */ = {
			isa = PBXGroup;
			children = (
				ABEA08582C11AB46007803B0 /* GMBaseLocalHTMLController.swift */,
			);
			path = BaseLocalHTMLController;
			sourceTree = "<group>";
		};
		ABEA085B2C11AB46007803B0 /* BaseViewController */ = {
			isa = PBXGroup;
			children = (
				ABEA085A2C11AB46007803B0 /* GMBaseViewController.swift */,
			);
			path = BaseViewController;
			sourceTree = "<group>";
		};
		ABEA087B2C11B96B007803B0 /* Controller */ = {
			isa = PBXGroup;
			children = (
				ABEA08792C11B96B007803B0 /* GMChatController.swift */,
				ABEA087A2C11B96B007803B0 /* GMMessageController.swift */,
			);
			path = Controller;
			sourceTree = "<group>";
		};
		ABEA087D2C11B96B007803B0 /* Model */ = {
			isa = PBXGroup;
			children = (
				ABEA087C2C11B96B007803B0 /* GMChatModel.swift */,
			);
			path = Model;
			sourceTree = "<group>";
		};
		ABEA08842C11B96B007803B0 /* View */ = {
			isa = PBXGroup;
			children = (
				ABEA087E2C11B96B007803B0 /* GMChatCell.swift */,
				ABEA087F2C11B96B007803B0 /* GMChatCell.xib */,
				ABEA08802C11B96B007803B0 /* GMChatSendView.swift */,
				ABEA08812C11B96B007803B0 /* GMChatSendView.xib */,
				ABEA08822C11B96B007803B0 /* GMMessageListCell.swift */,
				ABEA08832C11B96B007803B0 /* GMMessageListCell.xib */,
			);
			path = View;
			sourceTree = "<group>";
		};
		ABEA08852C11B96B007803B0 /* ViewModel */ = {
			isa = PBXGroup;
			children = (
			);
			path = ViewModel;
			sourceTree = "<group>";
		};
		ABEA08862C11B96B007803B0 /* Message */ = {
			isa = PBXGroup;
			children = (
				ABEA087B2C11B96B007803B0 /* Controller */,
				ABEA087D2C11B96B007803B0 /* Model */,
				ABEA08842C11B96B007803B0 /* View */,
				ABEA08852C11B96B007803B0 /* ViewModel */,
			);
			path = Message;
			sourceTree = "<group>";
		};
		ABEA08982C130698007803B0 /* Controller */ = {
			isa = PBXGroup;
			children = (
				ABEA089D2C1306C4007803B0 /* GMWebSocketManager.swift */,
			);
			path = Controller;
			sourceTree = "<group>";
		};
		ABEA08992C130698007803B0 /* Model */ = {
			isa = PBXGroup;
			children = (
			);
			path = Model;
			sourceTree = "<group>";
		};
		ABEA089A2C130698007803B0 /* View */ = {
			isa = PBXGroup;
			children = (
			);
			path = View;
			sourceTree = "<group>";
		};
		ABEA089B2C130698007803B0 /* ViewModel */ = {
			isa = PBXGroup;
			children = (
			);
			path = ViewModel;
			sourceTree = "<group>";
		};
		ABEA089C2C130698007803B0 /* Starscream */ = {
			isa = PBXGroup;
			children = (
				ABEA08982C130698007803B0 /* Controller */,
				ABEA08992C130698007803B0 /* Model */,
				ABEA089A2C130698007803B0 /* View */,
				ABEA089B2C130698007803B0 /* ViewModel */,
			);
			path = Starscream;
			sourceTree = "<group>";
		};
		ABF0A9252C1AC8320088A8DD /* 直播间聊天列表 */ = {
			isa = PBXGroup;
			children = (
				ABF0A9652C1C33690088A8DD /* Resource */,
				5ADCDBD32C1EE66100230E74 /* GMScrollChatChoseController.swift */,
				ABF0A9722C1FEBBA0088A8DD /* GMScrollChatThreeController.swift */,
				5ADCDBD52C1EE86400230E74 /* GMScrollChatTwoController.swift */,
				ABF0A9262C1AD1250088A8DD /* GMScrollChatOneController.swift */,
				ABF0A9282C1AD1DC0088A8DD /* GMScrollChatCell.swift */,
				ABF0A9292C1AD1DC0088A8DD /* GMScrollChatCell.xib */,
				ABF0A92C2C1AD33D0088A8DD /* GMScrollChatModel.swift */,
				ABF0A96E2C1C45840088A8DD /* GMChatOneTableView.swift */,
				ABF0A9702C1FE9D30088A8DD /* GMChatTwoTableView.swift */,
				ABF0A9742C1FEBD70088A8DD /* GMChatThreeTableView.swift */,
			);
			path = "直播间聊天列表";
			sourceTree = "<group>";
		};
		ABF0A95D2C1C2CDF0088A8DD /* 同意协议富文本 */ = {
			isa = PBXGroup;
			children = (
				ABF0A9602C1C2D560088A8DD /* Resource */,
				ABF0A95E2C1C2D0C0088A8DD /* GMAgreementController.swift */,
			);
			path = "同意协议富文本";
			sourceTree = "<group>";
		};
		ABF0A9602C1C2D560088A8DD /* Resource */ = {
			isa = PBXGroup;
			children = (
				ABF0A9612C1C2D6A0088A8DD /* select.png */,
				ABF0A9622C1C2D6A0088A8DD /* unselect.png */,
			);
			path = Resource;
			sourceTree = "<group>";
		};
		ABF0A9652C1C33690088A8DD /* Resource */ = {
			isa = PBXGroup;
			children = (
				ABF0A9692C1C34050088A8DD /* 高兴表情.png */,
				ABF0A9672C1C34050088A8DD /* 皇冠.png */,
				ABF0A9662C1C34050088A8DD /* 会员等级.png */,
				ABF0A9682C1C34050088A8DD /* tipvip.png */,
			);
			path = Resource;
			sourceTree = "<group>";
		};
		ABF0A97B2C204CC10088A8DD /* 多TextField为空判断 */ = {
			isa = PBXGroup;
			children = (
			);
			path = "多TextField为空判断";
			sourceTree = "<group>";
		};
		ABF0A97C2C204CD30088A8DD /* 直播间左右切换清屏 */ = {
			isa = PBXGroup;
			children = (
				ABF0A97E2C204E800088A8DD /* GMClearScreenController.swift */,
			);
			path = "直播间左右切换清屏";
			sourceTree = "<group>";
		};
		ABF0A97D2C204D060088A8DD /* 直播间顶部关注后自动伸缩 */ = {
			isa = PBXGroup;
			children = (
			);
			path = "直播间顶部关注后自动伸缩";
			sourceTree = "<group>";
		};
		ABF0A9802C2052BE0088A8DD /* 直播间礼物面板 */ = {
			isa = PBXGroup;
			children = (
			);
			path = "直播间礼物面板";
			sourceTree = "<group>";
		};
/* End PBXGroup section */

/* Begin PBXNativeTarget section */
		ABEA07E62C119DE4007803B0 /* GMKit */ = {
			isa = PBXNativeTarget;
			buildConfigurationList = ABEA07FB2C119DE5007803B0 /* Build configuration list for PBXNativeTarget "GMKit" */;
			buildPhases = (
				7B04A4970F51CE986D35D92A /* [CP] Check Pods Manifest.lock */,
				ABEA07E32C119DE4007803B0 /* Sources */,
				ABEA07E42C119DE4007803B0 /* Frameworks */,
				ABEA07E52C119DE4007803B0 /* Resources */,
				811DEA35F30B3F542F31388B /* [CP] Embed Pods Frameworks */,
			);
			buildRules = (
			);
			dependencies = (
			);
			name = GMKit;
			productName = GMKit;
			productReference = ABEA07E72C119DE4007803B0 /* GMKit.app */;
			productType = "com.apple.product-type.application";
		};
/* End PBXNativeTarget section */

/* Begin PBXProject section */
		ABEA07DF2C119DE4007803B0 /* Project object */ = {
			isa = PBXProject;
			attributes = {
				BuildIndependentTargetsInParallel = 1;
				LastSwiftUpdateCheck = 1530;
				LastUpgradeCheck = 1530;
				TargetAttributes = {
					ABEA07E62C119DE4007803B0 = {
						CreatedOnToolsVersion = 15.3;
					};
				};
			};
			buildConfigurationList = ABEA07E22C119DE4007803B0 /* Build configuration list for PBXProject "GMKit" */;
			compatibilityVersion = "Xcode 14.0";
			developmentRegion = en;
			hasScannedForEncodings = 0;
			knownRegions = (
				en,
				Base,
			);
			mainGroup = ABEA07DE2C119DE4007803B0;
			productRefGroup = ABEA07E82C119DE4007803B0 /* Products */;
			projectDirPath = "";
			projectRoot = "";
			targets = (
				ABEA07E62C119DE4007803B0 /* GMKit */,
			);
		};
/* End PBXProject section */

/* Begin PBXResourcesBuildPhase section */
		ABEA07E52C119DE4007803B0 /* Resources */ = {
			isa = PBXResourcesBuildPhase;
			buildActionMask = 2147483647;
			files = (
				ABEA088D2C11B96B007803B0 /* GMChatSendView.xib in Resources */,
				ABEA07F42C119DE5007803B0 /* Assets.xcassets in Resources */,
				ABF0A9642C1C2D6A0088A8DD /* unselect.png in Resources */,
				ABF0A92B2C1AD1DC0088A8DD /* GMScrollChatCell.xib in Resources */,
				ABEA08922C11BCB4007803B0 /* GMHomeCell.xib in Resources */,
				ABF0A96C2C1C34050088A8DD /* tipvip.png in Resources */,
				ABEA088B2C11B96B007803B0 /* GMChatCell.xib in Resources */,
				ABF0A9632C1C2D6A0088A8DD /* select.png in Resources */,
				ABF0A96D2C1C34050088A8DD /* 高兴表情.png in Resources */,
				ABF0A96B2C1C34050088A8DD /* 皇冠.png in Resources */,
				ABF0A96A2C1C34050088A8DD /* 会员等级.png in Resources */,
				ABEA088F2C11B96B007803B0 /* GMMessageListCell.xib in Resources */,
				ABEA07F72C119DE5007803B0 /* Base in Resources */,
			);
			runOnlyForDeploymentPostprocessing = 0;
		};
/* End PBXResourcesBuildPhase section */

/* Begin PBXShellScriptBuildPhase section */
		7B04A4970F51CE986D35D92A /* [CP] Check Pods Manifest.lock */ = {
			isa = PBXShellScriptBuildPhase;
			buildActionMask = 2147483647;
			files = (
			);
			inputFileListPaths = (
			);
			inputPaths = (
				"${PODS_PODFILE_DIR_PATH}/Podfile.lock",
				"${PODS_ROOT}/Manifest.lock",
			);
			name = "[CP] Check Pods Manifest.lock";
			outputFileListPaths = (
			);
			outputPaths = (
				"$(DERIVED_FILE_DIR)/Pods-GMKit-checkManifestLockResult.txt",
			);
			runOnlyForDeploymentPostprocessing = 0;
			shellPath = /bin/sh;
			shellScript = "diff \"${PODS_PODFILE_DIR_PATH}/Podfile.lock\" \"${PODS_ROOT}/Manifest.lock\" > /dev/null\nif [ $? != 0 ] ; then\n    # print error to STDERR\n    echo \"error: The sandbox is not in sync with the Podfile.lock. Run 'pod install' or update your CocoaPods installation.\" >&2\n    exit 1\nfi\n# This output is used by Xcode 'outputs' to avoid re-running this script phase.\necho \"SUCCESS\" > \"${SCRIPT_OUTPUT_FILE_0}\"\n";
			showEnvVarsInLog = 0;
		};
		811DEA35F30B3F542F31388B /* [CP] Embed Pods Frameworks */ = {
			isa = PBXShellScriptBuildPhase;
			buildActionMask = 2147483647;
			files = (
			);
			inputFileListPaths = (
				"${PODS_ROOT}/Target Support Files/Pods-GMKit/Pods-GMKit-frameworks-${CONFIGURATION}-input-files.xcfilelist",
			);
			name = "[CP] Embed Pods Frameworks";
			outputFileListPaths = (
				"${PODS_ROOT}/Target Support Files/Pods-GMKit/Pods-GMKit-frameworks-${CONFIGURATION}-output-files.xcfilelist",
			);
			runOnlyForDeploymentPostprocessing = 0;
			shellPath = /bin/sh;
			shellScript = "\"${PODS_ROOT}/Target Support Files/Pods-GMKit/Pods-GMKit-frameworks.sh\"\n";
			showEnvVarsInLog = 0;
		};
/* End PBXShellScriptBuildPhase section */

/* Begin PBXSourcesBuildPhase section */
		ABEA07E32C119DE4007803B0 /* Sources */ = {
			isa = PBXSourcesBuildPhase;
			buildActionMask = 2147483647;
			files = (
				ABF0A9272C1AD1250088A8DD /* GMScrollChatOneController.swift in Sources */,
				5ADCDBD42C1EE66100230E74 /* GMScrollChatChoseController.swift in Sources */,
				ABEA084E2C11AB40007803B0 /* GMReachability.swift in Sources */,
				ABEA084C2C11AB40007803B0 /* GMHttpUrl.swift in Sources */,
				ABEA08772C11AD03007803B0 /* GMDetailsController.swift in Sources */,
				ABEA08882C11B96B007803B0 /* GMMessageController.swift in Sources */,
				ABEA085C2C11AB46007803B0 /* GMBaseWebViewController.swift in Sources */,
				ABEA086F2C11AC7E007803B0 /* GMMineController.swift in Sources */,
				ABEA082E2C11AB1B007803B0 /* GMButtonExt.swift in Sources */,
				ABEA08512C11AB40007803B0 /* GMProgressHUD.swift in Sources */,
				ABEA08302C11AB1B007803B0 /* GMViewControllerExt.swift in Sources */,
				ABF0A97F2C204E800088A8DD /* GMClearScreenController.swift in Sources */,
				ABEA08362C11AB1B007803B0 /* GMViewExt.swift in Sources */,
				ABF0A96F2C1C45840088A8DD /* GMChatOneTableView.swift in Sources */,
				ABEA08322C11AB1B007803B0 /* GMImageExt.swift in Sources */,
				ABEA089E2C1306C4007803B0 /* GMWebSocketManager.swift in Sources */,
				ABF0A92A2C1AD1DC0088A8DD /* GMScrollChatCell.swift in Sources */,
				ABEA08482C11AB40007803B0 /* GMStorageManager.swift in Sources */,
				ABEA082D2C11AB1B007803B0 /* GMTextFieldExt.swift in Sources */,
				ABEA08672C11AB57007803B0 /* GMGlobal.swift in Sources */,
				ABEA084F2C11AB40007803B0 /* GMUserController.swift in Sources */,
				ABEA088E2C11B96B007803B0 /* GMMessageListCell.swift in Sources */,
				ABEA088A2C11B96B007803B0 /* GMChatCell.swift in Sources */,
				ABEA086D2C11AC6B007803B0 /* GMLoginController.swift in Sources */,
				ABEA08972C12FCCD007803B0 /* GMHomeController.swift in Sources */,
				ABEA08952C11BEB3007803B0 /* GMHomeModel.swift in Sources */,
				ABEA085F2C11AB46007803B0 /* GMBaseLocalHTMLController.swift in Sources */,
				ABEA08492C11AB40007803B0 /* GMAPIManager.swift in Sources */,
				ABEA08602C11AB46007803B0 /* GMBaseViewController.swift in Sources */,
				ABEA08752C11ACBB007803B0 /* GMTabBar.swift in Sources */,
				ABF0A9732C1FEBBA0088A8DD /* GMScrollChatThreeController.swift in Sources */,
				ABEA08332C11AB1B007803B0 /* GMTextViewExt.swift in Sources */,
				ABEA085D2C11AB46007803B0 /* GMBaseNavigationController.swift in Sources */,
				ABF0A95F2C1C2D0C0088A8DD /* GMAgreementController.swift in Sources */,
				ABEA08892C11B96B007803B0 /* GMChatModel.swift in Sources */,
				ABEA08372C11AB1B007803B0 /* GMCountDownExt.swift in Sources */,
				ABEA08382C11AB1B007803B0 /* GMNavigationExt.swift in Sources */,
				ABEA08932C11BCB4007803B0 /* GMHomeCell.swift in Sources */,
				ABEA08742C11ACBB007803B0 /* GMTabBarController.swift in Sources */,
				ABEA082F2C11AB1B007803B0 /* GMControlExt.swift in Sources */,
				ABEA08502C11AB40007803B0 /* GMAlertController.swift in Sources */,
				ABEA08872C11B96B007803B0 /* GMChatController.swift in Sources */,
				ABEA088C2C11B96B007803B0 /* GMChatSendView.swift in Sources */,
				ABEA085E2C11AB46007803B0 /* GMBaseTableView.swift in Sources */,
				ABEA07EB2C119DE4007803B0 /* AppDelegate.swift in Sources */,
				ABF0A9712C1FE9D40088A8DD /* GMChatTwoTableView.swift in Sources */,
				5ADCDBD62C1EE86400230E74 /* GMScrollChatTwoController.swift in Sources */,
				ABEA08342C11AB1B007803B0 /* GMStringExt.swift in Sources */,
				ABEA08352C11AB1B007803B0 /* GMDataExt.swift in Sources */,
				ABF0A9752C1FEBD70088A8DD /* GMChatThreeTableView.swift in Sources */,
				ABF0A92D2C1AD33D0088A8DD /* GMScrollChatModel.swift in Sources */,
				ABEA08312C11AB1B007803B0 /* GMColorExt.swift in Sources */,
			);
			runOnlyForDeploymentPostprocessing = 0;
		};
/* End PBXSourcesBuildPhase section */

/* Begin PBXVariantGroup section */
		ABEA07F52C119DE5007803B0 /* LaunchScreen.storyboard */ = {
			isa = PBXVariantGroup;
			children = (
				ABEA07F62C119DE5007803B0 /* Base */,
			);
			name = LaunchScreen.storyboard;
			sourceTree = "<group>";
		};
/* End PBXVariantGroup section */

/* Begin XCBuildConfiguration section */
		ABEA07F92C119DE5007803B0 /* Debug */ = {
			isa = XCBuildConfiguration;
			buildSettings = {
				ALWAYS_SEARCH_USER_PATHS = NO;
				ASSETCATALOG_COMPILER_GENERATE_SWIFT_ASSET_SYMBOL_EXTENSIONS = YES;
				CLANG_ANALYZER_NONNULL = YES;
				CLANG_ANALYZER_NUMBER_OBJECT_CONVERSION = YES_AGGRESSIVE;
				CLANG_CXX_LANGUAGE_STANDARD = "gnu++20";
				CLANG_ENABLE_MODULES = YES;
				CLANG_ENABLE_OBJC_ARC = YES;
				CLANG_ENABLE_OBJC_WEAK = YES;
				CLANG_WARN_BLOCK_CAPTURE_AUTORELEASING = YES;
				CLANG_WARN_BOOL_CONVERSION = YES;
				CLANG_WARN_COMMA = YES;
				CLANG_WARN_CONSTANT_CONVERSION = YES;
				CLANG_WARN_DEPRECATED_OBJC_IMPLEMENTATIONS = YES;
				CLANG_WARN_DIRECT_OBJC_ISA_USAGE = YES_ERROR;
				CLANG_WARN_DOCUMENTATION_COMMENTS = YES;
				CLANG_WARN_EMPTY_BODY = YES;
				CLANG_WARN_ENUM_CONVERSION = YES;
				CLANG_WARN_INFINITE_RECURSION = YES;
				CLANG_WARN_INT_CONVERSION = YES;
				CLANG_WARN_NON_LITERAL_NULL_CONVERSION = YES;
				CLANG_WARN_OBJC_IMPLICIT_RETAIN_SELF = YES;
				CLANG_WARN_OBJC_LITERAL_CONVERSION = YES;
				CLANG_WARN_OBJC_ROOT_CLASS = YES_ERROR;
				CLANG_WARN_QUOTED_INCLUDE_IN_FRAMEWORK_HEADER = YES;
				CLANG_WARN_RANGE_LOOP_ANALYSIS = YES;
				CLANG_WARN_STRICT_PROTOTYPES = YES;
				CLANG_WARN_SUSPICIOUS_MOVE = YES;
				CLANG_WARN_UNGUARDED_AVAILABILITY = YES_AGGRESSIVE;
				CLANG_WARN_UNREACHABLE_CODE = YES;
				CLANG_WARN__DUPLICATE_METHOD_MATCH = YES;
				COPY_PHASE_STRIP = NO;
				DEBUG_INFORMATION_FORMAT = dwarf;
				ENABLE_STRICT_OBJC_MSGSEND = YES;
				ENABLE_TESTABILITY = YES;
				ENABLE_USER_SCRIPT_SANDBOXING = YES;
				GCC_C_LANGUAGE_STANDARD = gnu17;
				GCC_DYNAMIC_NO_PIC = NO;
				GCC_NO_COMMON_BLOCKS = YES;
				GCC_OPTIMIZATION_LEVEL = 0;
				GCC_PREPROCESSOR_DEFINITIONS = (
					"DEBUG=1",
					"$(inherited)",
				);
				GCC_WARN_64_TO_32_BIT_CONVERSION = YES;
				GCC_WARN_ABOUT_RETURN_TYPE = YES_ERROR;
				GCC_WARN_UNDECLARED_SELECTOR = YES;
				GCC_WARN_UNINITIALIZED_AUTOS = YES_AGGRESSIVE;
				GCC_WARN_UNUSED_FUNCTION = YES;
				GCC_WARN_UNUSED_VARIABLE = YES;
				IPHONEOS_DEPLOYMENT_TARGET = 17.4;
				LOCALIZATION_PREFERS_STRING_CATALOGS = YES;
				MTL_ENABLE_DEBUG_INFO = INCLUDE_SOURCE;
				MTL_FAST_MATH = YES;
				ONLY_ACTIVE_ARCH = YES;
				SDKROOT = iphoneos;
				SWIFT_ACTIVE_COMPILATION_CONDITIONS = "DEBUG $(inherited)";
				SWIFT_OPTIMIZATION_LEVEL = "-Onone";
			};
			name = Debug;
		};
		ABEA07FA2C119DE5007803B0 /* Release */ = {
			isa = XCBuildConfiguration;
			buildSettings = {
				ALWAYS_SEARCH_USER_PATHS = NO;
				ASSETCATALOG_COMPILER_GENERATE_SWIFT_ASSET_SYMBOL_EXTENSIONS = YES;
				CLANG_ANALYZER_NONNULL = YES;
				CLANG_ANALYZER_NUMBER_OBJECT_CONVERSION = YES_AGGRESSIVE;
				CLANG_CXX_LANGUAGE_STANDARD = "gnu++20";
				CLANG_ENABLE_MODULES = YES;
				CLANG_ENABLE_OBJC_ARC = YES;
				CLANG_ENABLE_OBJC_WEAK = YES;
				CLANG_WARN_BLOCK_CAPTURE_AUTORELEASING = YES;
				CLANG_WARN_BOOL_CONVERSION = YES;
				CLANG_WARN_COMMA = YES;
				CLANG_WARN_CONSTANT_CONVERSION = YES;
				CLANG_WARN_DEPRECATED_OBJC_IMPLEMENTATIONS = YES;
				CLANG_WARN_DIRECT_OBJC_ISA_USAGE = YES_ERROR;
				CLANG_WARN_DOCUMENTATION_COMMENTS = YES;
				CLANG_WARN_EMPTY_BODY = YES;
				CLANG_WARN_ENUM_CONVERSION = YES;
				CLANG_WARN_INFINITE_RECURSION = YES;
				CLANG_WARN_INT_CONVERSION = YES;
				CLANG_WARN_NON_LITERAL_NULL_CONVERSION = YES;
				CLANG_WARN_OBJC_IMPLICIT_RETAIN_SELF = YES;
				CLANG_WARN_OBJC_LITERAL_CONVERSION = YES;
				CLANG_WARN_OBJC_ROOT_CLASS = YES_ERROR;
				CLANG_WARN_QUOTED_INCLUDE_IN_FRAMEWORK_HEADER = YES;
				CLANG_WARN_RANGE_LOOP_ANALYSIS = YES;
				CLANG_WARN_STRICT_PROTOTYPES = YES;
				CLANG_WARN_SUSPICIOUS_MOVE = YES;
				CLANG_WARN_UNGUARDED_AVAILABILITY = YES_AGGRESSIVE;
				CLANG_WARN_UNREACHABLE_CODE = YES;
				CLANG_WARN__DUPLICATE_METHOD_MATCH = YES;
				COPY_PHASE_STRIP = NO;
				DEBUG_INFORMATION_FORMAT = "dwarf-with-dsym";
				ENABLE_NS_ASSERTIONS = NO;
				ENABLE_STRICT_OBJC_MSGSEND = YES;
				ENABLE_USER_SCRIPT_SANDBOXING = YES;
				GCC_C_LANGUAGE_STANDARD = gnu17;
				GCC_NO_COMMON_BLOCKS = YES;
				GCC_WARN_64_TO_32_BIT_CONVERSION = YES;
				GCC_WARN_ABOUT_RETURN_TYPE = YES_ERROR;
				GCC_WARN_UNDECLARED_SELECTOR = YES;
				GCC_WARN_UNINITIALIZED_AUTOS = YES_AGGRESSIVE;
				GCC_WARN_UNUSED_FUNCTION = YES;
				GCC_WARN_UNUSED_VARIABLE = YES;
				IPHONEOS_DEPLOYMENT_TARGET = 17.4;
				LOCALIZATION_PREFERS_STRING_CATALOGS = YES;
				MTL_ENABLE_DEBUG_INFO = NO;
				MTL_FAST_MATH = YES;
				SDKROOT = iphoneos;
				SWIFT_COMPILATION_MODE = wholemodule;
				VALIDATE_PRODUCT = YES;
			};
			name = Release;
		};
		ABEA07FC2C119DE5007803B0 /* Debug */ = {
			isa = XCBuildConfiguration;
			baseConfigurationReference = 71BA121CC1FD1657A548D1C4 /* Pods-GMKit.debug.xcconfig */;
			buildSettings = {
				ASSETCATALOG_COMPILER_APPICON_NAME = AppIcon;
				ASSETCATALOG_COMPILER_GLOBAL_ACCENT_COLOR_NAME = AccentColor;
				CODE_SIGN_STYLE = Automatic;
				CURRENT_PROJECT_VERSION = 1;
				ENABLE_USER_SCRIPT_SANDBOXING = NO;
				GCC_PREFIX_HEADER = "";
				GENERATE_INFOPLIST_FILE = YES;
				INFOPLIST_FILE = "GMKit/Supporting Files/Info.plist";
				INFOPLIST_KEY_LSApplicationCategoryType = "";
				INFOPLIST_KEY_UIApplicationSupportsIndirectInputEvents = YES;
				INFOPLIST_KEY_UILaunchStoryboardName = LaunchScreen;
				INFOPLIST_KEY_UISupportedInterfaceOrientations_iPad = "UIInterfaceOrientationPortrait UIInterfaceOrientationPortraitUpsideDown UIInterfaceOrientationLandscapeLeft UIInterfaceOrientationLandscapeRight";
				INFOPLIST_KEY_UISupportedInterfaceOrientations_iPhone = "UIInterfaceOrientationPortrait UIInterfaceOrientationLandscapeLeft UIInterfaceOrientationLandscapeRight";
				LD_RUNPATH_SEARCH_PATHS = (
					"$(inherited)",
					"@executable_path/Frameworks",
				);
				MARKETING_VERSION = 1.0;
				PRODUCT_BUNDLE_IDENTIFIER = hule.GMKit;
				PRODUCT_NAME = "$(TARGET_NAME)";
				SUPPORTED_PLATFORMS = "iphoneos iphonesimulator";
				SUPPORTS_MACCATALYST = NO;
				SUPPORTS_MAC_DESIGNED_FOR_IPHONE_IPAD = NO;
				SUPPORTS_XR_DESIGNED_FOR_IPHONE_IPAD = NO;
				SWIFT_EMIT_LOC_STRINGS = YES;
				SWIFT_OBJC_BRIDGING_HEADER = "${SRCROOT}/Define/GMkit-Header.h";
				SWIFT_VERSION = 5.0;
				TARGETED_DEVICE_FAMILY = 1;
			};
			name = Debug;
		};
		ABEA07FD2C119DE5007803B0 /* Release */ = {
			isa = XCBuildConfiguration;
			baseConfigurationReference = 795769CB755CB6489F5FE451 /* Pods-GMKit.release.xcconfig */;
			buildSettings = {
				ASSETCATALOG_COMPILER_APPICON_NAME = AppIcon;
				ASSETCATALOG_COMPILER_GLOBAL_ACCENT_COLOR_NAME = AccentColor;
				CODE_SIGN_STYLE = Automatic;
				CURRENT_PROJECT_VERSION = 1;
				ENABLE_USER_SCRIPT_SANDBOXING = NO;
				GCC_PREFIX_HEADER = "";
				GENERATE_INFOPLIST_FILE = YES;
				INFOPLIST_FILE = "GMKit/Supporting Files/Info.plist";
				INFOPLIST_KEY_LSApplicationCategoryType = "";
				INFOPLIST_KEY_UIApplicationSupportsIndirectInputEvents = YES;
				INFOPLIST_KEY_UILaunchStoryboardName = LaunchScreen;
				INFOPLIST_KEY_UISupportedInterfaceOrientations_iPad = "UIInterfaceOrientationPortrait UIInterfaceOrientationPortraitUpsideDown UIInterfaceOrientationLandscapeLeft UIInterfaceOrientationLandscapeRight";
				INFOPLIST_KEY_UISupportedInterfaceOrientations_iPhone = "UIInterfaceOrientationPortrait UIInterfaceOrientationLandscapeLeft UIInterfaceOrientationLandscapeRight";
				LD_RUNPATH_SEARCH_PATHS = (
					"$(inherited)",
					"@executable_path/Frameworks",
				);
				MARKETING_VERSION = 1.0;
				PRODUCT_BUNDLE_IDENTIFIER = hule.GMKit;
				PRODUCT_NAME = "$(TARGET_NAME)";
				SUPPORTED_PLATFORMS = "iphoneos iphonesimulator";
				SUPPORTS_MACCATALYST = NO;
				SUPPORTS_MAC_DESIGNED_FOR_IPHONE_IPAD = NO;
				SUPPORTS_XR_DESIGNED_FOR_IPHONE_IPAD = NO;
				SWIFT_EMIT_LOC_STRINGS = YES;
				SWIFT_OBJC_BRIDGING_HEADER = "${SRCROOT}/Define/GMkit-Header.h";
				SWIFT_VERSION = 5.0;
				TARGETED_DEVICE_FAMILY = 1;
			};
			name = Release;
		};
/* End XCBuildConfiguration section */

/* Begin XCConfigurationList section */
		ABEA07E22C119DE4007803B0 /* Build configuration list for PBXProject "GMKit" */ = {
			isa = XCConfigurationList;
			buildConfigurations = (
				ABEA07F92C119DE5007803B0 /* Debug */,
				ABEA07FA2C119DE5007803B0 /* Release */,
			);
			defaultConfigurationIsVisible = 0;
			defaultConfigurationName = Release;
		};
		ABEA07FB2C119DE5007803B0 /* Build configuration list for PBXNativeTarget "GMKit" */ = {
			isa = XCConfigurationList;
			buildConfigurations = (
				ABEA07FC2C119DE5007803B0 /* Debug */,
				ABEA07FD2C119DE5007803B0 /* Release */,
			);
			defaultConfigurationIsVisible = 0;
			defaultConfigurationName = Release;
		};
/* End XCConfigurationList section */
	};
	rootObject = ABEA07DF2C119DE4007803B0 /* Project object */;
}
